
Microsoft Visual Studio Solution File, Format Version 12.00
# Visual Studio Version 16
VisualStudioVersion = 16.0.29326.143
MinimumVisualStudioVersion = 10.0.40219.1
Project("{FAE04EC0-301F-11D3-BF4B-00C04F79EFBC}") = "AppRealm.Android", "AppRealm\AppRealm.Android\AppRealm.Android.csproj", "{AB241539-D65B-4477-82E0-50B6DAE20A04}"
EndProject
Project("{FAE04EC0-301F-11D3-BF4B-00C04F79EFBC}") = "AppRealm.iOS", "AppRealm\AppRealm.iOS\AppRealm.iOS.csproj", "{737A91E0-A997-43D2-ACF7-AB2571849E36}"
EndProject
Project("{FAE04EC0-301F-11D3-BF4B-00C04F79EFBC}") = "AppRealm", "AppRealm\AppRealm\AppRealm.csproj", "{DA005134-5FF7-47AF-83B0-749BC7919723}"
EndProject
Global
	GlobalSection(SolutionConfigurationPlatforms) = preSolution
		Debug|Any CPU = Debug|Any CPU
		Debug|iPhone = Debug|iPhone
		Debug|iPhoneSimulator = Debug|iPhoneSimulator
		Release|Any CPU = Release|Any CPU
		Release|iPhone = Release|iPhone
		Release|iPhoneSimulator = Release|iPhoneSimulator
	EndGlobalSection
	GlobalSection(ProjectConfigurationPlatforms) = postSolution
		{AB241539-D65B-4477-82E0-50B6DAE20A04}.Debug|Any CPU.ActiveCfg = Debug|Any CPU
		{AB241539-D65B-4477-82E0-50B6DAE20A04}.Debug|Any CPU.Build.0 = Debug|Any CPU
		{AB241539-D65B-4477-82E0-50B6DAE20A04}.Debug|Any CPU.Deploy.0 = Debug|Any CPU
		{AB241539-D65B-4477-82E0-50B6DAE20A04}.Debug|iPhone.ActiveCfg = Debug|Any CPU
		{AB241539-D65B-4477-82E0-50B6DAE20A04}.Debug|iPhone.Build.0 = Debug|Any CPU
		{AB241539-D65B-4477-82E0-50B6DAE20A04}.Debug|iPhone.Deploy.0 = Debug|Any CPU
		{AB241539-D65B-4477-82E0-50B6DAE20A04}.Debug|iPhoneSimulator.ActiveCfg = Debug|Any CPU
		{AB241539-D65B-4477-82E0-50B6DAE20A04}.Debug|iPhoneSimulator.Build.0 = Debug|Any CPU
		{AB241539-D65B-4477-82E0-50B6DAE20A04}.Debug|iPhoneSimulator.Deploy.0 = Debug|Any CPU
		{AB241539-D65B-4477-82E0-50B6DAE20A04}.Release|Any CPU.ActiveCfg = Release|Any CPU
		{AB241539-D65B-4477-82E0-50B6DAE20A04}.Release|Any CPU.Build.0 = Release|Any CPU
		{AB241539-D65B-4477-82E0-50B6DAE20A04}.Release|Any CPU.Deploy.0 = Release|Any CPU
		{AB241539-D65B-4477-82E0-50B6DAE20A04}.Release|iPhone.ActiveCfg = Release|Any CPU
		{AB241539-D65B-4477-82E0-50B6DAE20A04}.Release|iPhone.Build.0 = Release|Any CPU
		{AB241539-D65B-4477-82E0-50B6DAE20A04}.Release|iPhone.Deploy.0 = Release|Any CPU
		{AB241539-D65B-4477-82E0-50B6DAE20A04}.Release|iPhoneSimulator.ActiveCfg = Release|Any CPU
		{AB241539-D65B-4477-82E0-50B6DAE20A04}.Release|iPhoneSimulator.Build.0 = Release|Any CPU
		{AB241539-D65B-4477-82E0-50B6DAE20A04}.Release|iPhoneSimulator.Deploy.0 = Release|Any CPU
		{737A91E0-A997-43D2-ACF7-AB2571849E36}.Debug|Any CPU.ActiveCfg = Debug|iPhoneSimulator
		{737A91E0-A997-43D2-ACF7-AB2571849E36}.Debug|Any CPU.Build.0 = Debug|iPhoneSimulator
		{737A91E0-A997-43D2-ACF7-AB2571849E36}.Debug|Any CPU.Deploy.0 = Debug|iPhoneSimulator
		{737A91E0-A997-43D2-ACF7-AB2571849E36}.Debug|iPhone.ActiveCfg = Debug|iPhone
		{737A91E0-A997-43D2-ACF7-AB2571849E36}.Debug|iPhone.Build.0 = Debug|iPhone
		{737A91E0-A997-43D2-ACF7-AB2571849E36}.Debug|iPhone.Deploy.0 = Debug|iPhone
		{737A91E0-A997-43D2-ACF7-AB2571849E36}.Debug|iPhoneSimulator.ActiveCfg = Debug|iPhoneSimulator
		{737A91E0-A997-43D2-ACF7-AB2571849E36}.Debug|iPhoneSimulator.Build.0 = Debug|iPhoneSimulator
		{737A91E0-A997-43D2-ACF7-AB2571849E36}.Debug|iPhoneSimulator.Deploy.0 = Debug|iPhoneSimulator
		{737A91E0-A997-43D2-ACF7-AB2571849E36}.Release|Any CPU.ActiveCfg = Release|iPhone
		{737A91E0-A997-43D2-ACF7-AB2571849E36}.Release|Any CPU.Build.0 = Release|iPhone
		{737A91E0-A997-43D2-ACF7-AB2571849E36}.Release|Any CPU.Deploy.0 = Release|iPhone
		{737A91E0-A997-43D2-ACF7-AB2571849E36}.Release|iPhone.ActiveCfg = Release|iPhone
		{737A91E0-A997-43D2-ACF7-AB2571849E36}.Release|iPhone.Build.0 = Release|iPhone
		{737A91E0-A997-43D2-ACF7-AB2571849E36}.Release|iPhone.Deploy.0 = Release|iPhone
		{737A91E0-A997-43D2-ACF7-AB2571849E36}.Release|iPhoneSimulator.ActiveCfg = Release|iPhoneSimulator
		{737A91E0-A997-43D2-ACF7-AB2571849E36}.Release|iPhoneSimulator.Build.0 = Release|iPhoneSimulator
		{737A91E0-A997-43D2-ACF7-AB2571849E36}.Release|iPhoneSimulator.Deploy.0 = Release|iPhoneSimulator
		{DA005134-5FF7-47AF-83B0-749BC7919723}.Debug|Any CPU.ActiveCfg = Debug|Any CPU
		{DA005134-5FF7-47AF-83B0-749BC7919723}.Debug|Any CPU.Build.0 = Debug|Any CPU
		{DA005134-5FF7-47AF-83B0-749BC7919723}.Debug|Any CPU.Deploy.0 = Debug|Any CPU
		{DA005134-5FF7-47AF-83B0-749BC7919723}.Debug|iPhone.ActiveCfg = Debug|Any CPU
		{DA005134-5FF7-47AF-83B0-749BC7919723}.Debug|iPhone.Build.0 = Debug|Any CPU
		{DA005134-5FF7-47AF-83B0-749BC7919723}.Debug|iPhone.Deploy.0 = Debug|Any CPU
		{DA005134-5FF7-47AF-83B0-749BC7919723}.Debug|iPhoneSimulator.ActiveCfg = Debug|Any CPU
		{DA005134-5FF7-47AF-83B0-749BC7919723}.Debug|iPhoneSimulator.Build.0 = Debug|Any CPU
		{DA005134-5FF7-47AF-83B0-749BC7919723}.Debug|iPhoneSimulator.Deploy.0 = Debug|Any CPU
		{DA005134-5FF7-47AF-83B0-749BC7919723}.Release|Any CPU.ActiveCfg = Release|Any CPU
		{DA005134-5FF7-47AF-83B0-749BC7919723}.Release|Any CPU.Build.0 = Release|Any CPU
		{DA005134-5FF7-47AF-83B0-749BC7919723}.Release|Any CPU.Deploy.0 = Release|Any CPU
		{DA005134-5FF7-47AF-83B0-749BC7919723}.Release|iPhone.ActiveCfg = Release|Any CPU
		{DA005134-5FF7-47AF-83B0-749BC7919723}.Release|iPhone.Build.0 = Release|Any CPU
		{DA005134-5FF7-47AF-83B0-749BC7919723}.Release|iPhone.Deploy.0 = Release|Any CPU
		{DA005134-5FF7-47AF-83B0-749BC7919723}.Release|iPhoneSimulator.ActiveCfg = Release|Any CPU
		{DA005134-5FF7-47AF-83B0-749BC7919723}.Release|iPhoneSimulator.Build.0 = Release|Any CPU
		{DA005134-5FF7-47AF-83B0-749BC7919723}.Release|iPhoneSimulator.Deploy.0 = Release|Any CPU
	EndGlobalSection
	GlobalSection(SolutionProperties) = preSolution
		HideSolutionNode = FALSE
	EndGlobalSection
	GlobalSection(ExtensibilityGlobals) = postSolution
		SolutionGuid = {EAE4E5A9-E3BD-4F19-927A-B7145E45AB24}
	EndGlobalSection
EndGlobal
